
Microsoft Visual Studio Solution File, Format Version 12.00
# Visual Studio Version 17
VisualStudioVersion = 17.3.32929.385
MinimumVisualStudioVersion = 10.0.40219.1
Project("{9A19103F-16F7-4668-BE54-9A1E7A4F7556}") = "TeamWorkboardData", "TeamWorkboardData\TeamWorkboardData.csproj", "{57923C7A-0F5D-4A5F-8E24-15EFD3F6A74D}"
EndProject
Project("{9A19103F-16F7-4668-BE54-9A1E7A4F7556}") = "TeamWorkboardApplication", "TeamWorkboardApplication\TeamWorkboardApplication.csproj", "{55BCCDAD-F9FF-4E5C-A732-D4C9A48B307B}"
EndProject
Project("{9A19103F-16F7-4668-BE54-9A1E7A4F7556}") = "TeamWorkboardAPI", "TeamWorkboardAPI\TeamWorkboardAPI.csproj", "{E86FEC80-EE47-4155-A38D-121F5657C9E7}"
EndProject
Global
	GlobalSection(SolutionConfigurationPlatforms) = preSolution
		Debug|Any CPU = Debug|Any CPU
		Release|Any CPU = Release|Any CPU
	EndGlobalSection
	GlobalSection(ProjectConfigurationPlatforms) = postSolution
		{57923C7A-0F5D-4A5F-8E24-15EFD3F6A74D}.Debug|Any CPU.ActiveCfg = Debug|Any CPU
		{57923C7A-0F5D-4A5F-8E24-15EFD3F6A74D}.Debug|Any CPU.Build.0 = Debug|Any CPU
		{57923C7A-0F5D-4A5F-8E24-15EFD3F6A74D}.Release|Any CPU.ActiveCfg = Release|Any CPU
		{57923C7A-0F5D-4A5F-8E24-15EFD3F6A74D}.Release|Any CPU.Build.0 = Release|Any CPU
		{55BCCDAD-F9FF-4E5C-A732-D4C9A48B307B}.Debug|Any CPU.ActiveCfg = Debug|Any CPU
		{55BCCDAD-F9FF-4E5C-A732-D4C9A48B307B}.Debug|Any CPU.Build.0 = Debug|Any CPU
		{55BCCDAD-F9FF-4E5C-A732-D4C9A48B307B}.Release|Any CPU.ActiveCfg = Release|Any CPU
		{55BCCDAD-F9FF-4E5C-A732-D4C9A48B307B}.Release|Any CPU.Build.0 = Release|Any CPU
		{E86FEC80-EE47-4155-A38D-121F5657C9E7}.Debug|Any CPU.ActiveCfg = Debug|Any CPU
		{E86FEC80-EE47-4155-A38D-121F5657C9E7}.Debug|Any CPU.Build.0 = Debug|Any CPU
		{E86FEC80-EE47-4155-A38D-121F5657C9E7}.Release|Any CPU.ActiveCfg = Release|Any CPU
		{E86FEC80-EE47-4155-A38D-121F5657C9E7}.Release|Any CPU.Build.0 = Release|Any CPU
	EndGlobalSection
	GlobalSection(SolutionProperties) = preSolution
		HideSolutionNode = FALSE
	EndGlobalSection
	GlobalSection(ExtensibilityGlobals) = postSolution
		SolutionGuid = {8B2C2131-F3EA-4FAC-9181-2DB34B7DB5E3}
	EndGlobalSection
EndGlobal
